
Microsoft Visual Studio Solution File, Format Version 12.00
# Visual Studio 15
VisualStudioVersion = 15.0.27703.2026
MinimumVisualStudioVersion = 10.0.40219.1
Project("{FAE04EC0-301F-11D3-BF4B-00C04F79EFBC}") = "WIL webSystem", "WIL webSystem\WIL webSystem.csproj", "{C3FE9AD1-10EF-4C44-AEF1-6CC7B4806EF6}"
EndProject
Global
	GlobalSection(SolutionConfigurationPlatforms) = preSolution
		Debug|Any CPU = Debug|Any CPU
		Release|Any CPU = Release|Any CPU
	EndGlobalSection
	GlobalSection(ProjectConfigurationPlatforms) = postSolution
		{C3FE9AD1-10EF-4C44-AEF1-6CC7B4806EF6}.Debug|Any CPU.ActiveCfg = Debug|Any CPU
		{C3FE9AD1-10EF-4C44-AEF1-6CC7B4806EF6}.Debug|Any CPU.Build.0 = Debug|Any CPU
		{C3FE9AD1-10EF-4C44-AEF1-6CC7B4806EF6}.Release|Any CPU.ActiveCfg = Release|Any CPU
		{C3FE9AD1-10EF-4C44-AEF1-6CC7B4806EF6}.Release|Any CPU.Build.0 = Release|Any CPU
	EndGlobalSection
	GlobalSection(SolutionProperties) = preSolution
		HideSolutionNode = FALSE
	EndGlobalSection
	GlobalSection(ExtensibilityGlobals) = postSolution
		SolutionGuid = {8D48F157-E2E4-4480-BA45-0E777540CE94}
	EndGlobalSection
EndGlobal
